
Microsoft Visual Studio Solution File, Format Version 12.00
# Visual Studio Version 17
VisualStudioVersion = 17.13.35825.156 d17.13
MinimumVisualStudioVersion = 10.0.40219.1
Project("{FAE04EC0-301F-11D3-BF4B-00C04F79EFBC}") = "MvcProje", "MvcProje\MvcProje.csproj", "{6A4E7D61-9551-4D91-8808-141E3A19BBCC}"
EndProject
Global
	GlobalSection(SolutionConfigurationPlatforms) = preSolution
		Debug|Any CPU = Debug|Any CPU
		Release|Any CPU = Release|Any CPU
	EndGlobalSection
	GlobalSection(ProjectConfigurationPlatforms) = postSolution
		{6A4E7D61-9551-4D91-8808-141E3A19BBCC}.Debug|Any CPU.ActiveCfg = Debug|Any CPU
		{6A4E7D61-9551-4D91-8808-141E3A19BBCC}.Debug|Any CPU.Build.0 = Debug|Any CPU
		{6A4E7D61-9551-4D91-8808-141E3A19BBCC}.Release|Any CPU.ActiveCfg = Release|Any CPU
		{6A4E7D61-9551-4D91-8808-141E3A19BBCC}.Release|Any CPU.Build.0 = Release|Any CPU
	EndGlobalSection
	GlobalSection(SolutionProperties) = preSolution
		HideSolutionNode = FALSE
	EndGlobalSection
	GlobalSection(ExtensibilityGlobals) = postSolution
		SolutionGuid = {E4F197AE-8C80-451C-954C-DF71B8FAD7A2}
	EndGlobalSection
EndGlobal
